PODS:
  - MBProgressHUD (0.9.2)
  - MPColorTools (1.6.1)
  - NVHTarGzip (1.0.1)
  - SSZipArchive (1.4)
  - TMLKit (1.0.9):
    - MBProgressHUD (>= 0.9)
    - MPColorTools (>= 1.6)
    - NVHTarGzip
    - SSZipArchive

DEPENDENCIES:
  - TMLKit (from `https://github.com/translationexchange/tml-objc`)

EXTERNAL SOURCES:
  TMLKit:
    :git: https://github.com/translationexchange/tml-objc

CHECKOUT OPTIONS:
  TMLKit:
    :commit: ff6f9de85fc51b2d516cde221e4f0831b3b4fdc8
    :git: https://github.com/translationexchange/tml-objc

SPEC CHECKSUMS:
  MBProgressHUD: 1569cf7ace17a8bac47aabfbb8580a49690386d1
  MPColorTools: a5d2a09fc44750aea0366f666aa52c80565c0764
  NVHTarGzip: 74cc227b902e5725900d37eb6d79b57e93005a73
  SSZipArchive: bab21000ee11b7ba68d5880bcd87d80e4eb93e65
  TMLKit: 0609d6aea9c13200a2f7977597a966043ee16703

PODFILE CHECKSUM: c0e79d2c9be0ccd226dc07710186ac0778a5ed65

COCOAPODS: 1.0.0
