// !$*UTF8*$!
{
	archiveVersion = 1;
	classes = {
	};
	objectVersion = 46;
	objects = {

/* Begin PBXBuildFile section */
		5436D6184C0FC1FA2ED59389 /* libPods-Foody.a in Frameworks */ = {isa = PBXBuildFile; fileRef = E4A04C5AEA344134457647D2 /* libPods-Foody.a */; };
		C09743601BCDA2C90068E216 /* main.m in Sources */ = {isa = PBXBuildFile; fileRef = C097435F1BCDA2C90068E216 /* main.m */; };
		C09743691BCDA2C90068E216 /* Main.storyboard in Resources */ = {isa = PBXBuildFile; fileRef = C09743671BCDA2C90068E216 /* Main.storyboard */; };
		C097436B1BCDA2C90068E216 /* Assets.xcassets in Resources */ = {isa = PBXBuildFile; fileRef = C097436A1BCDA2C90068E216 /* Assets.xcassets */; };
		C097436E1BCDA2C90068E216 /* LaunchScreen.storyboard in Resources */ = {isa = PBXBuildFile; fileRef = C097436C1BCDA2C90068E216 /* LaunchScreen.storyboard */; };
		C09743791BCDA2C90068E216 /* FoodyTests.m in Sources */ = {isa = PBXBuildFile; fileRef = C09743781BCDA2C90068E216 /* FoodyTests.m */; };
		C09743841BCDA2C90068E216 /* FoodyUITests.m in Sources */ = {isa = PBXBuildFile; fileRef = C09743831BCDA2C90068E216 /* FoodyUITests.m */; };
		C4FA321C1C52B19F001902EB /* ApiClient.m in Sources */ = {isa = PBXBuildFile; fileRef = C4FA32081C52B19F001902EB /* ApiClient.m */; };
		C4FA321D1C52B19F001902EB /* AppDelegate.m in Sources */ = {isa = PBXBuildFile; fileRef = C4FA320A1C52B19F001902EB /* AppDelegate.m */; };
		C4FA321E1C52B19F001902EB /* FBase.m in Sources */ = {isa = PBXBuildFile; fileRef = C4FA320E1C52B19F001902EB /* FBase.m */; };
		C4FA321F1C52B19F001902EB /* FCategory.m in Sources */ = {isa = PBXBuildFile; fileRef = C4FA32101C52B19F001902EB /* FCategory.m */; };
		C4FA32201C52B19F001902EB /* FDirection.m in Sources */ = {isa = PBXBuildFile; fileRef = C4FA32121C52B19F001902EB /* FDirection.m */; };
		C4FA32211C52B19F001902EB /* FIngredient.m in Sources */ = {isa = PBXBuildFile; fileRef = C4FA32141C52B19F001902EB /* FIngredient.m */; };
		C4FA32221C52B19F001902EB /* FRecipe.m in Sources */ = {isa = PBXBuildFile; fileRef = C4FA32161C52B19F001902EB /* FRecipe.m */; };
		C4FA32231C52B19F001902EB /* CategoriesTableViewController.m in Sources */ = {isa = PBXBuildFile; fileRef = C4FA32191C52B19F001902EB /* CategoriesTableViewController.m */; };
		C4FA32241C52B19F001902EB /* RecipesTableViewController.m in Sources */ = {isa = PBXBuildFile; fileRef = C4FA321B1C52B19F001902EB /* RecipesTableViewController.m */; };
		C4FA32281C52B1AB001902EB /* hero.jpg in Resources */ = {isa = PBXBuildFile; fileRef = C4FA32261C52B1AB001902EB /* hero.jpg */; };
		C4FA32291C52B1AB001902EB /* placeholder.png in Resources */ = {isa = PBXBuildFile; fileRef = C4FA32271C52B1AB001902EB /* placeholder.png */; };
		C4FA322D1C52B426001902EB /* RecipeTableViewCell.m in Sources */ = {isa = PBXBuildFile; fileRef = C4FA322C1C52B426001902EB /* RecipeTableViewCell.m */; };
/* End PBXBuildFile section */

/* Begin PBXContainerItemProxy section */
		C09743751BCDA2C90068E216 /* PBXContainerItemProxy */ = {
			isa = PBXContainerItemProxy;
			containerPortal = C09743531BCDA2C90068E216 /* Project object */;
			proxyType = 1;
			remoteGlobalIDString = C097435A1BCDA2C90068E216;
			remoteInfo = Foody;
		};
		C09743801BCDA2C90068E216 /* PBXContainerItemProxy */ = {
			isa = PBXContainerItemProxy;
			containerPortal = C09743531BCDA2C90068E216 /* Project object */;
			proxyType = 1;
			remoteGlobalIDString = C097435A1BCDA2C90068E216;
			remoteInfo = Foody;
		};
/* End PBXContainerItemProxy section */

/* Begin PBXFileReference section */
		7E24106E7B1C7798D739AAEE /* Pods-Foody.debug.xcconfig */ = {isa = PBXFileReference; includeInIndex = 1; lastKnownFileType = text.xcconfig; name = "Pods-Foody.debug.xcconfig"; path = "Pods/Target Support Files/Pods-Foody/Pods-Foody.debug.xcconfig"; sourceTree = "<group>"; };
		B75D8F26DD1E1CD319EF9FF4 /* Pods-Foody.release.xcconfig */ = {isa = PBXFileReference; includeInIndex = 1; lastKnownFileType = text.xcconfig; name = "Pods-Foody.release.xcconfig"; path = "Pods/Target Support Files/Pods-Foody/Pods-Foody.release.xcconfig"; sourceTree = "<group>"; };
		C097435B1BCDA2C90068E216 /* Foody.app */ = {isa = PBXFileReference; explicitFileType = wrapper.application; includeInIndex = 0; path = Foody.app; sourceTree = BUILT_PRODUCTS_DIR; };
		C097435F1BCDA2C90068E216 /* main.m */ = {isa = PBXFileReference; lastKnownFileType = sourcecode.c.objc; path = main.m; sourceTree = "<group>"; };
		C09743681BCDA2C90068E216 /* Base */ = {isa = PBXFileReference; lastKnownFileType = file.storyboard; name = Base; path = Base.lproj/Main.storyboard; sourceTree = "<group>"; };
		C097436A1BCDA2C90068E216 /* Assets.xcassets */ = {isa = PBXFileReference; lastKnownFileType = folder.assetcatalog; path = Assets.xcassets; sourceTree = "<group>"; };
		C097436D1BCDA2C90068E216 /* Base */ = {isa = PBXFileReference; lastKnownFileType = file.storyboard; name = Base; path = Base.lproj/LaunchScreen.storyboard; sourceTree = "<group>"; };
		C097436F1BCDA2C90068E216 /* Info.plist */ = {isa = PBXFileReference; lastKnownFileType = text.plist.xml; path = Info.plist; sourceTree = "<group>"; };
		C09743741BCDA2C90068E216 /* FoodyTests.xctest */ = {isa = PBXFileReference; explicitFileType = wrapper.cfbundle; includeInIndex = 0; path = FoodyTests.xctest; sourceTree = BUILT_PRODUCTS_DIR; };
		C09743781BCDA2C90068E216 /* FoodyTests.m */ = {isa = PBXFileReference; lastKnownFileType = sourcecode.c.objc; path = FoodyTests.m; sourceTree = "<group>"; };
		C097437A1BCDA2C90068E216 /* Info.plist */ = {isa = PBXFileReference; lastKnownFileType = text.plist.xml; path = Info.plist; sourceTree = "<group>"; };
		C097437F1BCDA2C90068E216 /* FoodyUITests.xctest */ = {isa = PBXFileReference; explicitFileType = wrapper.cfbundle; includeInIndex = 0; path = FoodyUITests.xctest; sourceTree = BUILT_PRODUCTS_DIR; };
		C09743831BCDA2C90068E216 /* FoodyUITests.m */ = {isa = PBXFileReference; lastKnownFileType = sourcecode.c.objc; path = FoodyUITests.m; sourceTree = "<group>"; };
		C09743851BCDA2C90068E216 /* Info.plist */ = {isa = PBXFileReference; lastKnownFileType = text.plist.xml; path = Info.plist; sourceTree = "<group>"; };
		C4FA32071C52B19F001902EB /* ApiClient.h */ = {isa = PBXFileReference; fileEncoding = 4; lastKnownFileType = sourcecode.c.h; path = ApiClient.h; sourceTree = "<group>"; };
		C4FA32081C52B19F001902EB /* ApiClient.m */ = {isa = PBXFileReference; fileEncoding = 4; lastKnownFileType = sourcecode.c.objc; path = ApiClient.m; sourceTree = "<group>"; };
		C4FA32091C52B19F001902EB /* AppDelegate.h */ = {isa = PBXFileReference; fileEncoding = 4; lastKnownFileType = sourcecode.c.h; path = AppDelegate.h; sourceTree = "<group>"; };
		C4FA320A1C52B19F001902EB /* AppDelegate.m */ = {isa = PBXFileReference; fileEncoding = 4; lastKnownFileType = sourcecode.c.objc; path = AppDelegate.m; sourceTree = "<group>"; };
		C4FA320D1C52B19F001902EB /* FBase.h */ = {isa = PBXFileReference; fileEncoding = 4; lastKnownFileType = sourcecode.c.h; path = FBase.h; sourceTree = "<group>"; };
		C4FA320E1C52B19F001902EB /* FBase.m */ = {isa = PBXFileReference; fileEncoding = 4; lastKnownFileType = sourcecode.c.objc; path = FBase.m; sourceTree = "<group>"; };
		C4FA320F1C52B19F001902EB /* FCategory.h */ = {isa = PBXFileReference; fileEncoding = 4; lastKnownFileType = sourcecode.c.h; path = FCategory.h; sourceTree = "<group>"; };
		C4FA32101C52B19F001902EB /* FCategory.m */ = {isa = PBXFileReference; fileEncoding = 4; lastKnownFileType = sourcecode.c.objc; path = FCategory.m; sourceTree = "<group>"; };
		C4FA32111C52B19F001902EB /* FDirection.h */ = {isa = PBXFileReference; fileEncoding = 4; lastKnownFileType = sourcecode.c.h; path = FDirection.h; sourceTree = "<group>"; };
		C4FA32121C52B19F001902EB /* FDirection.m */ = {isa = PBXFileReference; fileEncoding = 4; lastKnownFileType = sourcecode.c.objc; path = FDirection.m; sourceTree = "<group>"; };
		C4FA32131C52B19F001902EB /* FIngredient.h */ = {isa = PBXFileReference; fileEncoding = 4; lastKnownFileType = sourcecode.c.h; path = FIngredient.h; sourceTree = "<group>"; };
		C4FA32141C52B19F001902EB /* FIngredient.m */ = {isa = PBXFileReference; fileEncoding = 4; lastKnownFileType = sourcecode.c.objc; path = FIngredient.m; sourceTree = "<group>"; };
		C4FA32151C52B19F001902EB /* FRecipe.h */ = {isa = PBXFileReference; fileEncoding = 4; lastKnownFileType = sourcecode.c.h; path = FRecipe.h; sourceTree = "<group>"; };
		C4FA32161C52B19F001902EB /* FRecipe.m */ = {isa = PBXFileReference; fileEncoding = 4; lastKnownFileType = sourcecode.c.objc; path = FRecipe.m; sourceTree = "<group>"; };
		C4FA32181C52B19F001902EB /* CategoriesTableViewController.h */ = {isa = PBXFileReference; fileEncoding = 4; lastKnownFileType = sourcecode.c.h; path = CategoriesTableViewController.h; sourceTree = "<group>"; };
		C4FA32191C52B19F001902EB /* CategoriesTableViewController.m */ = {isa = PBXFileReference; fileEncoding = 4; lastKnownFileType = sourcecode.c.objc; path = CategoriesTableViewController.m; sourceTree = "<group>"; };
		C4FA321A1C52B19F001902EB /* RecipesTableViewController.h */ = {isa = PBXFileReference; fileEncoding = 4; lastKnownFileType = sourcecode.c.h; path = RecipesTableViewController.h; sourceTree = "<group>"; };
		C4FA321B1C52B19F001902EB /* RecipesTableViewController.m */ = {isa = PBXFileReference; fileEncoding = 4; lastKnownFileType = sourcecode.c.objc; path = RecipesTableViewController.m; sourceTree = "<group>"; };
		C4FA32261C52B1AB001902EB /* hero.jpg */ = {isa = PBXFileReference; lastKnownFileType = image.jpeg; path = hero.jpg; sourceTree = "<group>"; };
		C4FA32271C52B1AB001902EB /* placeholder.png */ = {isa = PBXFileReference; lastKnownFileType = image.png; path = placeholder.png; sourceTree = "<group>"; };
		C4FA322B1C52B426001902EB /* RecipeTableViewCell.h */ = {isa = PBXFileReference; fileEncoding = 4; lastKnownFileType = sourcecode.c.h; path = RecipeTableViewCell.h; sourceTree = "<group>"; };
		C4FA322C1C52B426001902EB /* RecipeTableViewCell.m */ = {isa = PBXFileReference; fileEncoding = 4; lastKnownFileType = sourcecode.c.objc; path = RecipeTableViewCell.m; sourceTree = "<group>"; };
		C4FA322F1C530764001902EB /* Foody.pch */ = {isa = PBXFileReference; lastKnownFileType = sourcecode.c.h; path = Foody.pch; sourceTree = "<group>"; };
		C4FA32301C530C94001902EB /* libTMLKit.a */ = {isa = PBXFileReference; lastKnownFileType = archive.ar; name = libTMLKit.a; path = "Pods/../build/Debug-iphoneos/libTMLKit.a"; sourceTree = "<group>"; };
		E4A04C5AEA344134457647D2 /* libPods-Foody.a */ = {isa = PBXFileReference; explicitFileType = archive.ar; includeInIndex = 0; path = "libPods-Foody.a"; sourceTree = BUILT_PRODUCTS_DIR; };
/* End PBXFileReference section */

/* Begin PBXFrameworksBuildPhase section */
		C09743581BCDA2C90068E216 /* Frameworks */ = {
			isa = PBXFrameworksBuildPhase;
			buildActionMask = 2147483647;
			files = (
				5436D6184C0FC1FA2ED59389 /* libPods-Foody.a in Frameworks */,
			);
			runOnlyForDeploymentPostprocessing = 0;
		};
		C09743711BCDA2C90068E216 /* Frameworks */ = {
			isa = PBXFrameworksBuildPhase;
			buildActionMask = 2147483647;
			files = (
			);
			runOnlyForDeploymentPostprocessing = 0;
		};
		C097437C1BCDA2C90068E216 /* Frameworks */ = {
			isa = PBXFrameworksBuildPhase;
			buildActionMask = 2147483647;
			files = (
			);
			runOnlyForDeploymentPostprocessing = 0;
		};
/* End PBXFrameworksBuildPhase section */

/* Begin PBXGroup section */
		239DF09B3B3B9E71EE7632D6 /* Frameworks */ = {
			isa = PBXGroup;
			children = (
				C4FA32301C530C94001902EB /* libTMLKit.a */,
				E4A04C5AEA344134457647D2 /* libPods-Foody.a */,
			);
			name = Frameworks;
			sourceTree = "<group>";
		};
		3695B4D9B89772CF021B8ABE /* Pods */ = {
			isa = PBXGroup;
			children = (
				7E24106E7B1C7798D739AAEE /* Pods-Foody.debug.xcconfig */,
				B75D8F26DD1E1CD319EF9FF4 /* Pods-Foody.release.xcconfig */,
			);
			name = Pods;
			sourceTree = "<group>";
		};
		C09743521BCDA2C90068E216 = {
			isa = PBXGroup;
			children = (
				C097435D1BCDA2C90068E216 /* Foody */,
				C09743771BCDA2C90068E216 /* FoodyTests */,
				C09743821BCDA2C90068E216 /* FoodyUITests */,
				C097435C1BCDA2C90068E216 /* Products */,
				3695B4D9B89772CF021B8ABE /* Pods */,
				239DF09B3B3B9E71EE7632D6 /* Frameworks */,
			);
			sourceTree = "<group>";
		};
		C097435C1BCDA2C90068E216 /* Products */ = {
			isa = PBXGroup;
			children = (
				C097435B1BCDA2C90068E216 /* Foody.app */,
				C09743741BCDA2C90068E216 /* FoodyTests.xctest */,
				C097437F1BCDA2C90068E216 /* FoodyUITests.xctest */,
			);
			name = Products;
			sourceTree = "<group>";
		};
		C097435D1BCDA2C90068E216 /* Foody */ = {
			isa = PBXGroup;
			children = (
				C4FA32251C52B1AB001902EB /* Assets */,
				C097436A1BCDA2C90068E216 /* Assets.xcassets */,
				C4FA32051C52B19F001902EB /* Classes */,
				C0D8A1D01BCF8CAD005C49EE /* Storyboards */,
				C097435E1BCDA2C90068E216 /* Supporting Files */,
			);
			path = Foody;
			sourceTree = "<group>";
		};
		C097435E1BCDA2C90068E216 /* Supporting Files */ = {
			isa = PBXGroup;
			children = (
				C097436F1BCDA2C90068E216 /* Info.plist */,
				C097435F1BCDA2C90068E216 /* main.m */,
				C4FA322F1C530764001902EB /* Foody.pch */,
			);
			name = "Supporting Files";
			sourceTree = "<group>";
		};
		C09743771BCDA2C90068E216 /* FoodyTests */ = {
			isa = PBXGroup;
			children = (
				C09743781BCDA2C90068E216 /* FoodyTests.m */,
				C097437A1BCDA2C90068E216 /* Info.plist */,
			);
			path = FoodyTests;
			sourceTree = "<group>";
		};
		C09743821BCDA2C90068E216 /* FoodyUITests */ = {
			isa = PBXGroup;
			children = (
				C09743831BCDA2C90068E216 /* FoodyUITests.m */,
				C09743851BCDA2C90068E216 /* Info.plist */,
			);
			path = FoodyUITests;
			sourceTree = "<group>";
		};
		C0D8A1D01BCF8CAD005C49EE /* Storyboards */ = {
			isa = PBXGroup;
			children = (
				C09743671BCDA2C90068E216 /* Main.storyboard */,
				C097436C1BCDA2C90068E216 /* LaunchScreen.storyboard */,
			);
			name = Storyboards;
			sourceTree = "<group>";
		};
		C4FA32051C52B19F001902EB /* Classes */ = {
			isa = PBXGroup;
			children = (
				C4FA322A1C52B2F4001902EB /* Views */,
				C4FA32061C52B19F001902EB /* APIClient */,
				C4FA32091C52B19F001902EB /* AppDelegate.h */,
				C4FA320A1C52B19F001902EB /* AppDelegate.m */,
				C4FA320C1C52B19F001902EB /* Models */,
				C4FA32171C52B19F001902EB /* View Controllers */,
			);
			path = Classes;
			sourceTree = "<group>";
		};
		C4FA32061C52B19F001902EB /* APIClient */ = {
			isa = PBXGroup;
			children = (
				C4FA32071C52B19F001902EB /* ApiClient.h */,
				C4FA32081C52B19F001902EB /* ApiClient.m */,
			);
			path = APIClient;
			sourceTree = "<group>";
		};
		C4FA320C1C52B19F001902EB /* Models */ = {
			isa = PBXGroup;
			children = (
				C4FA320D1C52B19F001902EB /* FBase.h */,
				C4FA320E1C52B19F001902EB /* FBase.m */,
				C4FA320F1C52B19F001902EB /* FCategory.h */,
				C4FA32101C52B19F001902EB /* FCategory.m */,
				C4FA32111C52B19F001902EB /* FDirection.h */,
				C4FA32121C52B19F001902EB /* FDirection.m */,
				C4FA32131C52B19F001902EB /* FIngredient.h */,
				C4FA32141C52B19F001902EB /* FIngredient.m */,
				C4FA32151C52B19F001902EB /* FRecipe.h */,
				C4FA32161C52B19F001902EB /* FRecipe.m */,
			);
			path = Models;
			sourceTree = "<group>";
		};
		C4FA32171C52B19F001902EB /* View Controllers */ = {
			isa = PBXGroup;
			children = (
				C4FA32181C52B19F001902EB /* CategoriesTableViewController.h */,
				C4FA32191C52B19F001902EB /* CategoriesTableViewController.m */,
				C4FA321A1C52B19F001902EB /* RecipesTableViewController.h */,
				C4FA321B1C52B19F001902EB /* RecipesTableViewController.m */,
			);
			path = "View Controllers";
			sourceTree = "<group>";
		};
		C4FA32251C52B1AB001902EB /* Assets */ = {
			isa = PBXGroup;
			children = (
				C4FA32261C52B1AB001902EB /* hero.jpg */,
				C4FA32271C52B1AB001902EB /* placeholder.png */,
			);
			path = Assets;
			sourceTree = "<group>";
		};
		C4FA322A1C52B2F4001902EB /* Views */ = {
			isa = PBXGroup;
			children = (
				C4FA322B1C52B426001902EB /* RecipeTableViewCell.h */,
				C4FA322C1C52B426001902EB /* RecipeTableViewCell.m */,
			);
			path = Views;
			sourceTree = "<group>";
		};
/* End PBXGroup section */

/* Begin PBXNativeTarget section */
		C097435A1BCDA2C90068E216 /* Foody */ = {
			isa = PBXNativeTarget;
			buildConfigurationList = C09743881BCDA2C90068E216 /* Build configuration list for PBXNativeTarget "Foody" */;
			buildPhases = (
				4BEAF3BF67AC06C877206D9C /* Check Pods Manifest.lock */,
				C09743571BCDA2C90068E216 /* Sources */,
				C09743581BCDA2C90068E216 /* Frameworks */,
				C09743591BCDA2C90068E216 /* Resources */,
				E5C11FA200564791A499C7A0 /* Embed Pods Frameworks */,
				6E1A9C95E39C524FFB813C3F /* Copy Pods Resources */,
			);
			buildRules = (
			);
			dependencies = (
			);
			name = Foody;
			productName = Foody;
			productReference = C097435B1BCDA2C90068E216 /* Foody.app */;
			productType = "com.apple.product-type.application";
		};
		C09743731BCDA2C90068E216 /* FoodyTests */ = {
			isa = PBXNativeTarget;
			buildConfigurationList = C097438B1BCDA2C90068E216 /* Build configuration list for PBXNativeTarget "FoodyTests" */;
			buildPhases = (
				C09743701BCDA2C90068E216 /* Sources */,
				C09743711BCDA2C90068E216 /* Frameworks */,
				C09743721BCDA2C90068E216 /* Resources */,
			);
			buildRules = (
			);
			dependencies = (
				C09743761BCDA2C90068E216 /* PBXTargetDependency */,
			);
			name = FoodyTests;
			productName = FoodyTests;
			productReference = C09743741BCDA2C90068E216 /* FoodyTests.xctest */;
			productType = "com.apple.product-type.bundle.unit-test";
		};
		C097437E1BCDA2C90068E216 /* FoodyUITests */ = {
			isa = PBXNativeTarget;
			buildConfigurationList = C097438E1BCDA2C90068E216 /* Build configuration list for PBXNativeTarget "FoodyUITests" */;
			buildPhases = (
				C097437B1BCDA2C90068E216 /* Sources */,
				C097437C1BCDA2C90068E216 /* Frameworks */,
				C097437D1BCDA2C90068E216 /* Resources */,
			);
			buildRules = (
			);
			dependencies = (
				C09743811BCDA2C90068E216 /* PBXTargetDependency */,
			);
			name = FoodyUITests;
			productName = FoodyUITests;
			productReference = C097437F1BCDA2C90068E216 /* FoodyUITests.xctest */;
			productType = "com.apple.product-type.bundle.ui-testing";
		};
/* End PBXNativeTarget section */

/* Begin PBXProject section */
		C09743531BCDA2C90068E216 /* Project object */ = {
			isa = PBXProject;
			attributes = {
				LastUpgradeCheck = 0700;
				ORGANIZATIONNAME = "Translation Exchange, Inc";
				TargetAttributes = {
					C097435A1BCDA2C90068E216 = {
						CreatedOnToolsVersion = 7.0.1;
					};
					C09743731BCDA2C90068E216 = {
						CreatedOnToolsVersion = 7.0.1;
						TestTargetID = C097435A1BCDA2C90068E216;
					};
					C097437E1BCDA2C90068E216 = {
						CreatedOnToolsVersion = 7.0.1;
						TestTargetID = C097435A1BCDA2C90068E216;
					};
				};
			};
			buildConfigurationList = C09743561BCDA2C90068E216 /* Build configuration list for PBXProject "Foody" */;
			compatibilityVersion = "Xcode 3.2";
			developmentRegion = English;
			hasScannedForEncodings = 0;
			knownRegions = (
				en,
				Base,
			);
			mainGroup = C09743521BCDA2C90068E216;
			productRefGroup = C097435C1BCDA2C90068E216 /* Products */;
			projectDirPath = "";
			projectRoot = "";
			targets = (
				C097435A1BCDA2C90068E216 /* Foody */,
				C09743731BCDA2C90068E216 /* FoodyTests */,
				C097437E1BCDA2C90068E216 /* FoodyUITests */,
			);
		};
/* End PBXProject section */

/* Begin PBXResourcesBuildPhase section */
		C09743591BCDA2C90068E216 /* Resources */ = {
			isa = PBXResourcesBuildPhase;
			buildActionMask = 2147483647;
			files = (
				C097436E1BCDA2C90068E216 /* LaunchScreen.storyboard in Resources */,
				C4FA32281C52B1AB001902EB /* hero.jpg in Resources */,
				C097436B1BCDA2C90068E216 /* Assets.xcassets in Resources */,
				C4FA32291C52B1AB001902EB /* placeholder.png in Resources */,
				C09743691BCDA2C90068E216 /* Main.storyboard in Resources */,
			);
			runOnlyForDeploymentPostprocessing = 0;
		};
		C09743721BCDA2C90068E216 /* Resources */ = {
			isa = PBXResourcesBuildPhase;
			buildActionMask = 2147483647;
			files = (
			);
			runOnlyForDeploymentPostprocessing = 0;
		};
		C097437D1BCDA2C90068E216 /* Resources */ = {
			isa = PBXResourcesBuildPhase;
			buildActionMask = 2147483647;
			files = (
			);
			runOnlyForDeploymentPostprocessing = 0;
		};
/* End PBXResourcesBuildPhase section */

/* Begin PBXShellScriptBuildPhase section */
		4BEAF3BF67AC06C877206D9C /* Check Pods Manifest.lock */ = {
			isa = PBXShellScriptBuildPhase;
			buildActionMask = 2147483647;
			files = (
			);
			inputPaths = (
			);
			name = "Check Pods Manifest.lock";
			outputPaths = (
			);
			runOnlyForDeploymentPostprocessing = 0;
			shellPath = /bin/sh;
			shellScript = "diff \"${PODS_ROOT}/../Podfile.lock\" \"${PODS_ROOT}/Manifest.lock\" > /dev/null\nif [[ $? != 0 ]] ; then\n    cat << EOM\nerror: The sandbox is not in sync with the Podfile.lock. Run 'pod install' or update your CocoaPods installation.\nEOM\n    exit 1\nfi\n";
			showEnvVarsInLog = 0;
		};
		6E1A9C95E39C524FFB813C3F /* Copy Pods Resources */ = {
			isa = PBXShellScriptBuildPhase;
			buildActionMask = 2147483647;
			files = (
			);
			inputPaths = (
			);
			name = "Copy Pods Resources";
			outputPaths = (
			);
			runOnlyForDeploymentPostprocessing = 0;
			shellPath = /bin/sh;
			shellScript = "\"${SRCROOT}/Pods/Target Support Files/Pods-Foody/Pods-Foody-resources.sh\"\n";
			showEnvVarsInLog = 0;
		};
		E5C11FA200564791A499C7A0 /* Embed Pods Frameworks */ = {
			isa = PBXShellScriptBuildPhase;
			buildActionMask = 2147483647;
			files = (
			);
			inputPaths = (
			);
			name = "Embed Pods Frameworks";
			outputPaths = (
			);
			runOnlyForDeploymentPostprocessing = 0;
			shellPath = /bin/sh;
			shellScript = "\"${SRCROOT}/Pods/Target Support Files/Pods-Foody/Pods-Foody-frameworks.sh\"\n";
			showEnvVarsInLog = 0;
		};
/* End PBXShellScriptBuildPhase section */

/* Begin PBXSourcesBuildPhase section */
		C09743571BCDA2C90068E216 /* Sources */ = {
			isa = PBXSourcesBuildPhase;
			buildActionMask = 2147483647;
			files = (
				C4FA321F1C52B19F001902EB /* FCategory.m in Sources */,
				C09743601BCDA2C90068E216 /* main.m in Sources */,
				C4FA32221C52B19F001902EB /* FRecipe.m in Sources */,
				C4FA321C1C52B19F001902EB /* ApiClient.m in Sources */,
				C4FA321D1C52B19F001902EB /* AppDelegate.m in Sources */,
				C4FA32201C52B19F001902EB /* FDirection.m in Sources */,
				C4FA321E1C52B19F001902EB /* FBase.m in Sources */,
				C4FA322D1C52B426001902EB /* RecipeTableViewCell.m in Sources */,
				C4FA32241C52B19F001902EB /* RecipesTableViewController.m in Sources */,
				C4FA32211C52B19F001902EB /* FIngredient.m in Sources */,
				C4FA32231C52B19F001902EB /* CategoriesTableViewController.m in Sources */,
			);
			runOnlyForDeploymentPostprocessing = 0;
		};
		C09743701BCDA2C90068E216 /* Sources */ = {
			isa = PBXSourcesBuildPhase;
			buildActionMask = 2147483647;
			files = (
				C09743791BCDA2C90068E216 /* FoodyTests.m in Sources */,
			);
			runOnlyForDeploymentPostprocessing = 0;
		};
		C097437B1BCDA2C90068E216 /* Sources */ = {
			isa = PBXSourcesBuildPhase;
			buildActionMask = 2147483647;
			files = (
				C09743841BCDA2C90068E216 /* FoodyUITests.m in Sources */,
			);
			runOnlyForDeploymentPostprocessing = 0;
		};
/* End PBXSourcesBuildPhase section */

/* Begin PBXTargetDependency section */
		C09743761BCDA2C90068E216 /* PBXTargetDependency */ = {
			isa = PBXTargetDependency;
			target = C097435A1BCDA2C90068E216 /* Foody */;
			targetProxy = C09743751BCDA2C90068E216 /* PBXContainerItemProxy */;
		};
		C09743811BCDA2C90068E216 /* PBXTargetDependency */ = {
			isa = PBXTargetDependency;
			target = C097435A1BCDA2C90068E216 /* Foody */;
			targetProxy = C09743801BCDA2C90068E216 /* PBXContainerItemProxy */;
		};
/* End PBXTargetDependency section */

/* Begin PBXVariantGroup section */
		C09743671BCDA2C90068E216 /* Main.storyboard */ = {
			isa = PBXVariantGroup;
			children = (
				C09743681BCDA2C90068E216 /* Base */,
			);
			name = Main.storyboard;
			sourceTree = "<group>";
		};
		C097436C1BCDA2C90068E216 /* LaunchScreen.storyboard */ = {
			isa = PBXVariantGroup;
			children = (
				C097436D1BCDA2C90068E216 /* Base */,
			);
			name = LaunchScreen.storyboard;
			sourceTree = "<group>";
		};
/* End PBXVariantGroup section */

/* Begin XCBuildConfiguration section */
		C09743861BCDA2C90068E216 /* Debug */ = {
			isa = XCBuildConfiguration;
			buildSettings = {
				ALWAYS_SEARCH_USER_PATHS = NO;
				CLANG_CXX_LANGUAGE_STANDARD = "gnu++0x";
				CLANG_CXX_LIBRARY = "libc++";
				CLANG_ENABLE_MODULES = YES;
				CLANG_ENABLE_OBJC_ARC = YES;
				CLANG_WARN_BOOL_CONVERSION = YES;
				CLANG_WARN_CONSTANT_CONVERSION = YES;
				CLANG_WARN_DIRECT_OBJC_ISA_USAGE = YES_ERROR;
				CLANG_WARN_EMPTY_BODY = YES;
				CLANG_WARN_ENUM_CONVERSION = YES;
				CLANG_WARN_INT_CONVERSION = YES;
				CLANG_WARN_OBJC_ROOT_CLASS = YES_ERROR;
				CLANG_WARN_UNREACHABLE_CODE = YES;
				CLANG_WARN__DUPLICATE_METHOD_MATCH = YES;
				"CODE_SIGN_IDENTITY[sdk=iphoneos*]" = "iPhone Developer";
				COPY_PHASE_STRIP = NO;
				DEBUG_INFORMATION_FORMAT = dwarf;
				ENABLE_STRICT_OBJC_MSGSEND = YES;
				ENABLE_TESTABILITY = YES;
				GCC_C_LANGUAGE_STANDARD = gnu99;
				GCC_DYNAMIC_NO_PIC = NO;
				GCC_NO_COMMON_BLOCKS = YES;
				GCC_OPTIMIZATION_LEVEL = 0;
				GCC_PREPROCESSOR_DEFINITIONS = (
					"DEBUG=1",
					"$(inherited)",
				);
				GCC_WARN_64_TO_32_BIT_CONVERSION = YES;
				GCC_WARN_ABOUT_RETURN_TYPE = YES_ERROR;
				GCC_WARN_UNDECLARED_SELECTOR = YES;
				GCC_WARN_UNINITIALIZED_AUTOS = YES_AGGRESSIVE;
				GCC_WARN_UNUSED_FUNCTION = YES;
				GCC_WARN_UNUSED_VARIABLE = YES;
				IPHONEOS_DEPLOYMENT_TARGET = 9.0;
				MTL_ENABLE_DEBUG_INFO = YES;
				ONLY_ACTIVE_ARCH = YES;
				SDKROOT = iphoneos;
				TARGETED_DEVICE_FAMILY = "1,2";
			};
			name = Debug;
		};
		C09743871BCDA2C90068E216 /* Release */ = {
			isa = XCBuildConfiguration;
			buildSettings = {
				ALWAYS_SEARCH_USER_PATHS = NO;
				CLANG_CXX_LANGUAGE_STANDARD = "gnu++0x";
				CLANG_CXX_LIBRARY = "libc++";
				CLANG_ENABLE_MODULES = YES;
				CLANG_ENABLE_OBJC_ARC = YES;
				CLANG_WARN_BOOL_CONVERSION = YES;
				CLANG_WARN_CONSTANT_CONVERSION = YES;
				CLANG_WARN_DIRECT_OBJC_ISA_USAGE = YES_ERROR;
				CLANG_WARN_EMPTY_BODY = YES;
				CLANG_WARN_ENUM_CONVERSION = YES;
				CLANG_WARN_INT_CONVERSION = YES;
				CLANG_WARN_OBJC_ROOT_CLASS = YES_ERROR;
				CLANG_WARN_UNREACHABLE_CODE = YES;
				CLANG_WARN__DUPLICATE_METHOD_MATCH = YES;
				"CODE_SIGN_IDENTITY[sdk=iphoneos*]" = "iPhone Developer";
				COPY_PHASE_STRIP = NO;
				DEBUG_INFORMATION_FORMAT = "dwarf-with-dsym";
				ENABLE_NS_ASSERTIONS = NO;
				ENABLE_STRICT_OBJC_MSGSEND = YES;
				GCC_C_LANGUAGE_STANDARD = gnu99;
				GCC_NO_COMMON_BLOCKS = YES;
				GCC_WARN_64_TO_32_BIT_CONVERSION = YES;
				GCC_WARN_ABOUT_RETURN_TYPE = YES_ERROR;
				GCC_WARN_UNDECLARED_SELECTOR = YES;
				GCC_WARN_UNINITIALIZED_AUTOS = YES_AGGRESSIVE;
				GCC_WARN_UNUSED_FUNCTION = YES;
				GCC_WARN_UNUSED_VARIABLE = YES;
				IPHONEOS_DEPLOYMENT_TARGET = 9.0;
				MTL_ENABLE_DEBUG_INFO = NO;
				SDKROOT = iphoneos;
				TARGETED_DEVICE_FAMILY = "1,2";
				VALIDATE_PRODUCT = YES;
			};
			name = Release;
		};
		C09743891BCDA2C90068E216 /* Debug */ = {
			isa = XCBuildConfiguration;
			baseConfigurationReference = 7E24106E7B1C7798D739AAEE /* Pods-Foody.debug.xcconfig */;
			buildSettings = {
				ASSETCATALOG_COMPILER_APPICON_NAME = AppIcon;
				GCC_PRECOMPILE_PREFIX_HEADER = YES;
				GCC_PREFIX_HEADER = Foody/Foody.pch;
				INFOPLIST_FILE = Foody/Info.plist;
				LD_RUNPATH_SEARCH_PATHS = "$(inherited) @executable_path/Frameworks";
				LIBRARY_SEARCH_PATHS = "$(inherited)";
				PRODUCT_BUNDLE_IDENTIFIER = com.translationexchange.Foody;
				PRODUCT_NAME = "$(TARGET_NAME)";
			};
			name = Debug;
		};
		C097438A1BCDA2C90068E216 /* Release */ = {
			isa = XCBuildConfiguration;
			baseConfigurationReference = B75D8F26DD1E1CD319EF9FF4 /* Pods-Foody.release.xcconfig */;
			buildSettings = {
				ASSETCATALOG_COMPILER_APPICON_NAME = AppIcon;
				GCC_PRECOMPILE_PREFIX_HEADER = YES;
				GCC_PREFIX_HEADER = Foody/Foody.pch;
				INFOPLIST_FILE = Foody/Info.plist;
				LD_RUNPATH_SEARCH_PATHS = "$(inherited) @executable_path/Frameworks";
				LIBRARY_SEARCH_PATHS = "$(inherited)";
				PRODUCT_BUNDLE_IDENTIFIER = com.translationexchange.Foody;
				PRODUCT_NAME = "$(TARGET_NAME)";
			};
			name = Release;
		};
		C097438C1BCDA2C90068E216 /* Debug */ = {
			isa = XCBuildConfiguration;
			buildSettings = {
				BUNDLE_LOADER = "$(TEST_HOST)";
				INFOPLIST_FILE = FoodyTests/Info.plist;
				LD_RUNPATH_SEARCH_PATHS = "$(inherited) @executable_path/Frameworks @loader_path/Frameworks";
				PRODUCT_BUNDLE_IDENTIFIER = com.translationexchange.FoodyTests;
				PRODUCT_NAME = "$(TARGET_NAME)";
				TEST_HOST = "$(BUILT_PRODUCTS_DIR)/Foody.app/Foody";
			};
			name = Debug;
		};
		C097438D1BCDA2C90068E216 /* Release */ = {
			isa = XCBuildConfiguration;
			buildSettings = {
				BUNDLE_LOADER = "$(TEST_HOST)";
				INFOPLIST_FILE = FoodyTests/Info.plist;
				LD_RUNPATH_SEARCH_PATHS = "$(inherited) @executable_path/Frameworks @loader_path/Frameworks";
				PRODUCT_BUNDLE_IDENTIFIER = com.translationexchange.FoodyTests;
				PRODUCT_NAME = "$(TARGET_NAME)";
				TEST_HOST = "$(BUILT_PRODUCTS_DIR)/Foody.app/Foody";
			};
			name = Release;
		};
		C097438F1BCDA2C90068E216 /* Debug */ = {
			isa = XCBuildConfiguration;
			buildSettings = {
				INFOPLIST_FILE = FoodyUITests/Info.plist;
				LD_RUNPATH_SEARCH_PATHS = "$(inherited) @executable_path/Frameworks @loader_path/Frameworks";
				PRODUCT_BUNDLE_IDENTIFIER = com.translationexchange.FoodyUITests;
				PRODUCT_NAME = "$(TARGET_NAME)";
				TEST_TARGET_NAME = Foody;
				USES_XCTRUNNER = YES;
			};
			name = Debug;
		};
		C09743901BCDA2C90068E216 /* Release */ = {
			isa = XCBuildConfiguration;
			buildSettings = {
				INFOPLIST_FILE = FoodyUITests/Info.plist;
				LD_RUNPATH_SEARCH_PATHS = "$(inherited) @executable_path/Frameworks @loader_path/Frameworks";
				PRODUCT_BUNDLE_IDENTIFIER = com.translationexchange.FoodyUITests;
				PRODUCT_NAME = "$(TARGET_NAME)";
				TEST_TARGET_NAME = Foody;
				USES_XCTRUNNER = YES;
			};
			name = Release;
		};
/* End XCBuildConfiguration section */

/* Begin XCConfigurationList section */
		C09743561BCDA2C90068E216 /* Build configuration list for PBXProject "Foody" */ = {
			isa = XCConfigurationList;
			buildConfigurations = (
				C09743861BCDA2C90068E216 /* Debug */,
				C09743871BCDA2C90068E216 /* Release */,
			);
			defaultConfigurationIsVisible = 0;
			defaultConfigurationName = Release;
		};
		C09743881BCDA2C90068E216 /* Build configuration list for PBXNativeTarget "Foody" */ = {
			isa = XCConfigurationList;
			buildConfigurations = (
				C09743891BCDA2C90068E216 /* Debug */,
				C097438A1BCDA2C90068E216 /* Release */,
			);
			defaultConfigurationIsVisible = 0;
			defaultConfigurationName = Release;
		};
		C097438B1BCDA2C90068E216 /* Build configuration list for PBXNativeTarget "FoodyTests" */ = {
			isa = XCConfigurationList;
			buildConfigurations = (
				C097438C1BCDA2C90068E216 /* Debug */,
				C097438D1BCDA2C90068E216 /* Release */,
			);
			defaultConfigurationIsVisible = 0;
			defaultConfigurationName = Release;
		};
		C097438E1BCDA2C90068E216 /* Build configuration list for PBXNativeTarget "FoodyUITests" */ = {
			isa = XCConfigurationList;
			buildConfigurations = (
				C097438F1BCDA2C90068E216 /* Debug */,
				C09743901BCDA2C90068E216 /* Release */,
			);
			defaultConfigurationIsVisible = 0;
			defaultConfigurationName = Release;
		};
/* End XCConfigurationList section */
	};
	rootObject = C09743531BCDA2C90068E216 /* Project object */;
}
